// !$*UTF8*$!
{
	archiveVersion = 1;
	classes = {
	};
	objectVersion = 50;
	objects = {

/* Begin PBXBuildFile section */
		650B08F820E2C0BD001952FF /* AppDelegate.swift in Sources */ = {isa = PBXBuildFile; fileRef = 650B08F720E2C0BD001952FF /* AppDelegate.swift */; };
		650B08FD20E2C0BD001952FF /* Main.storyboard in Resources */ = {isa = PBXBuildFile; fileRef = 650B08FB20E2C0BD001952FF /* Main.storyboard */; };
		650B08FF20E2C0C0001952FF /* Assets.xcassets in Resources */ = {isa = PBXBuildFile; fileRef = 650B08FE20E2C0C0001952FF /* Assets.xcassets */; };
		650B090220E2C0C0001952FF /* LaunchScreen.storyboard in Resources */ = {isa = PBXBuildFile; fileRef = 650B090020E2C0C0001952FF /* LaunchScreen.storyboard */; };
		650B090D20E2C0C0001952FF /* CeniTests.swift in Sources */ = {isa = PBXBuildFile; fileRef = 650B090C20E2C0C0001952FF /* CeniTests.swift */; };
		650B091820E2C0C0001952FF /* CeniUITests.swift in Sources */ = {isa = PBXBuildFile; fileRef = 650B091720E2C0C0001952FF /* CeniUITests.swift */; };
		650B092820E2C4C2001952FF /* card_intro.mp4 in Resources */ = {isa = PBXBuildFile; fileRef = 650B092620E2C4C1001952FF /* card_intro.mp4 */; };
		650B092C20E2C9FC001952FF /* MenuItem.swift in Sources */ = {isa = PBXBuildFile; fileRef = 650B092B20E2C9FC001952FF /* MenuItem.swift */; };
		650B092E20E2CE33001952FF /* UITableViewControllerMainMenu.swift in Sources */ = {isa = PBXBuildFile; fileRef = 650B092D20E2CE33001952FF /* UITableViewControllerMainMenu.swift */; };
		650B093220E2E664001952FF /* ViewControllerBureau.swift in Sources */ = {isa = PBXBuildFile; fileRef = 650B093120E2E664001952FF /* ViewControllerBureau.swift */; };
		650B093420E2EBE1001952FF /* ViewControllerCandidats.swift in Sources */ = {isa = PBXBuildFile; fileRef = 650B093320E2EBE1001952FF /* ViewControllerCandidats.swift */; };
		6514152C21BCFC58008C9B50 /* ViewControllerSimulation.swift in Sources */ = {isa = PBXBuildFile; fileRef = 6514152B21BCFC58008C9B50 /* ViewControllerSimulation.swift */; };
		6514152E21BCFE1F008C9B50 /* ViewSimulationMessage.swift in Sources */ = {isa = PBXBuildFile; fileRef = 6514152D21BCFE1F008C9B50 /* ViewSimulationMessage.swift */; };
		6514153021BD0170008C9B50 /* ViewSimulationWarning.swift in Sources */ = {isa = PBXBuildFile; fileRef = 6514152F21BD0170008C9B50 /* ViewSimulationWarning.swift */; };
		652C47EF20E62FDD00CDDA6A /* TableViewControllerResults.swift in Sources */ = {isa = PBXBuildFile; fileRef = 652C47EE20E62FDD00CDDA6A /* TableViewControllerResults.swift */; };
		652C47F120E6303000CDDA6A /* VOTE_TYPE.swift in Sources */ = {isa = PBXBuildFile; fileRef = 652C47F020E6303000CDDA6A /* VOTE_TYPE.swift */; };
		652C47F520E6340500CDDA6A /* Strings.swift in Sources */ = {isa = PBXBuildFile; fileRef = 652C47F420E6340500CDDA6A /* Strings.swift */; };
		652C47F720E6353F00CDDA6A /* TableViewControllerCandsList.swift in Sources */ = {isa = PBXBuildFile; fileRef = 652C47F620E6353F00CDDA6A /* TableViewControllerCandsList.swift */; };
		652C47F920E63C2500CDDA6A /* ViewControllerVoteSimulation.swift in Sources */ = {isa = PBXBuildFile; fileRef = 652C47F820E63C2500CDDA6A /* ViewControllerVoteSimulation.swift */; };
		652C47FC20E63E4200CDDA6A /* AppUtility.swift in Sources */ = {isa = PBXBuildFile; fileRef = 652C47FB20E63E4200CDDA6A /* AppUtility.swift */; };
		654D23FB21C025BB00655AAA /* ViewVoteCont.swift in Sources */ = {isa = PBXBuildFile; fileRef = 654D23FA21C025BB00655AAA /* ViewVoteCont.swift */; };
		654D23FD21C0299C00655AAA /* CollectionViewCell.swift in Sources */ = {isa = PBXBuildFile; fileRef = 654D23FC21C0299C00655AAA /* CollectionViewCell.swift */; };
		654D23FF21C0352300655AAA /* ceni_intro_vid.mp4 in Resources */ = {isa = PBXBuildFile; fileRef = 654D23FE21C0352300655AAA /* ceni_intro_vid.mp4 */; };
		65B5EC3420E7FC44001FE196 /* CENI_COLORS.swift in Sources */ = {isa = PBXBuildFile; fileRef = 65B5EC3320E7FC44001FE196 /* CENI_COLORS.swift */; };
		65C907EA20E4392F00A896CE /* faq.txt in Resources */ = {isa = PBXBuildFile; fileRef = 65C907E920E4392F00A896CE /* faq.txt */; };
		65C907EC20E43A7B00A896CE /* TableViewControllerFAQ.swift in Sources */ = {isa = PBXBuildFile; fileRef = 65C907EB20E43A7B00A896CE /* TableViewControllerFAQ.swift */; };
		65C907F020E43F8300A896CE /* ViewControllerFAQView.swift in Sources */ = {isa = PBXBuildFile; fileRef = 65C907EF20E43F8300A896CE /* ViewControllerFAQView.swift */; };
		65C907F220E4416500A896CE /* FAQ.swift in Sources */ = {isa = PBXBuildFile; fileRef = 65C907F120E4416500A896CE /* FAQ.swift */; };
		65D732DC20E417CC009F7F6C /* ViewControllerMainVideo.swift in Sources */ = {isa = PBXBuildFile; fileRef = 65D732DB20E417CC009F7F6C /* ViewControllerMainVideo.swift */; };
		65E9C52C21BD0EAC0067C294 /* ViewElectionPane.swift in Sources */ = {isa = PBXBuildFile; fileRef = 65E9C52B21BD0EAC0067C294 /* ViewElectionPane.swift */; };
/* End PBXBuildFile section */

/* Begin PBXContainerItemProxy section */
		650B090920E2C0C0001952FF /* PBXContainerItemProxy */ = {
			isa = PBXContainerItemProxy;
			containerPortal = 650B08EC20E2C0BD001952FF /* Project object */;
			proxyType = 1;
			remoteGlobalIDString = 650B08F320E2C0BD001952FF;
			remoteInfo = Ceni;
		};
		650B091420E2C0C0001952FF /* PBXContainerItemProxy */ = {
			isa = PBXContainerItemProxy;
			containerPortal = 650B08EC20E2C0BD001952FF /* Project object */;
			proxyType = 1;
			remoteGlobalIDString = 650B08F320E2C0BD001952FF;
			remoteInfo = Ceni;
		};
/* End PBXContainerItemProxy section */

/* Begin PBXFileReference section */
		650B08F420E2C0BD001952FF /* Ceni.app */ = {isa = PBXFileReference; explicitFileType = wrapper.application; includeInIndex = 0; path = Ceni.app; sourceTree = BUILT_PRODUCTS_DIR; };
		650B08F720E2C0BD001952FF /* AppDelegate.swift */ = {isa = PBXFileReference; lastKnownFileType = sourcecode.swift; path = AppDelegate.swift; sourceTree = "<group>"; };
		650B08FC20E2C0BD001952FF /* Base */ = {isa = PBXFileReference; lastKnownFileType = file.storyboard; name = Base; path = Base.lproj/Main.storyboard; sourceTree = "<group>"; };
		650B08FE20E2C0C0001952FF /* Assets.xcassets */ = {isa = PBXFileReference; lastKnownFileType = folder.assetcatalog; path = Assets.xcassets; sourceTree = "<group>"; };
		650B090120E2C0C0001952FF /* Base */ = {isa = PBXFileReference; lastKnownFileType = file.storyboard; name = Base; path = Base.lproj/LaunchScreen.storyboard; sourceTree = "<group>"; };
		650B090320E2C0C0001952FF /* Info.plist */ = {isa = PBXFileReference; lastKnownFileType = text.plist.xml; path = Info.plist; sourceTree = "<group>"; };
		650B090820E2C0C0001952FF /* CeniTests.xctest */ = {isa = PBXFileReference; explicitFileType = wrapper.cfbundle; includeInIndex = 0; path = CeniTests.xctest; sourceTree = BUILT_PRODUCTS_DIR; };
		650B090C20E2C0C0001952FF /* CeniTests.swift */ = {isa = PBXFileReference; lastKnownFileType = sourcecode.swift; path = CeniTests.swift; sourceTree = "<group>"; };
		650B090E20E2C0C0001952FF /* Info.plist */ = {isa = PBXFileReference; lastKnownFileType = text.plist.xml; path = Info.plist; sourceTree = "<group>"; };
		650B091320E2C0C0001952FF /* CeniUITests.xctest */ = {isa = PBXFileReference; explicitFileType = wrapper.cfbundle; includeInIndex = 0; path = CeniUITests.xctest; sourceTree = BUILT_PRODUCTS_DIR; };
		650B091720E2C0C0001952FF /* CeniUITests.swift */ = {isa = PBXFileReference; lastKnownFileType = sourcecode.swift; path = CeniUITests.swift; sourceTree = "<group>"; };
		650B091920E2C0C0001952FF /* Info.plist */ = {isa = PBXFileReference; lastKnownFileType = text.plist.xml; path = Info.plist; sourceTree = "<group>"; };
		650B092620E2C4C1001952FF /* card_intro.mp4 */ = {isa = PBXFileReference; lastKnownFileType = file; path = card_intro.mp4; sourceTree = "<group>"; };
		650B092B20E2C9FC001952FF /* MenuItem.swift */ = {isa = PBXFileReference; lastKnownFileType = sourcecode.swift; path = MenuItem.swift; sourceTree = "<group>"; };
		650B092D20E2CE33001952FF /* UITableViewControllerMainMenu.swift */ = {isa = PBXFileReference; lastKnownFileType = sourcecode.swift; path = UITableViewControllerMainMenu.swift; sourceTree = "<group>"; };
		650B093120E2E664001952FF /* ViewControllerBureau.swift */ = {isa = PBXFileReference; lastKnownFileType = sourcecode.swift; path = ViewControllerBureau.swift; sourceTree = "<group>"; };
		650B093320E2EBE1001952FF /* ViewControllerCandidats.swift */ = {isa = PBXFileReference; lastKnownFileType = sourcecode.swift; path = ViewControllerCandidats.swift; sourceTree = "<group>"; };
		6514152B21BCFC58008C9B50 /* ViewControllerSimulation.swift */ = {isa = PBXFileReference; lastKnownFileType = sourcecode.swift; path = ViewControllerSimulation.swift; sourceTree = "<group>"; };
		6514152D21BCFE1F008C9B50 /* ViewSimulationMessage.swift */ = {isa = PBXFileReference; lastKnownFileType = sourcecode.swift; path = ViewSimulationMessage.swift; sourceTree = "<group>"; };
		6514152F21BD0170008C9B50 /* ViewSimulationWarning.swift */ = {isa = PBXFileReference; lastKnownFileType = sourcecode.swift; path = ViewSimulationWarning.swift; sourceTree = "<group>"; };
		652C47EE20E62FDD00CDDA6A /* TableViewControllerResults.swift */ = {isa = PBXFileReference; lastKnownFileType = sourcecode.swift; path = TableViewControllerResults.swift; sourceTree = "<group>"; };
		652C47F020E6303000CDDA6A /* VOTE_TYPE.swift */ = {isa = PBXFileReference; lastKnownFileType = sourcecode.swift; path = VOTE_TYPE.swift; sourceTree = "<group>"; };
		652C47F420E6340500CDDA6A /* Strings.swift */ = {isa = PBXFileReference; lastKnownFileType = sourcecode.swift; path = Strings.swift; sourceTree = "<group>"; };
		652C47F620E6353F00CDDA6A /* TableViewControllerCandsList.swift */ = {isa = PBXFileReference; lastKnownFileType = sourcecode.swift; path = TableViewControllerCandsList.swift; sourceTree = "<group>"; };
		652C47F820E63C2500CDDA6A /* ViewControllerVoteSimulation.swift */ = {isa = PBXFileReference; lastKnownFileType = sourcecode.swift; path = ViewControllerVoteSimulation.swift; sourceTree = "<group>"; };
		652C47FB20E63E4200CDDA6A /* AppUtility.swift */ = {isa = PBXFileReference; lastKnownFileType = sourcecode.swift; path = AppUtility.swift; sourceTree = "<group>"; };
		654D23FA21C025BB00655AAA /* ViewVoteCont.swift */ = {isa = PBXFileReference; lastKnownFileType = sourcecode.swift; path = ViewVoteCont.swift; sourceTree = "<group>"; };
		654D23FC21C0299C00655AAA /* CollectionViewCell.swift */ = {isa = PBXFileReference; lastKnownFileType = sourcecode.swift; path = CollectionViewCell.swift; sourceTree = "<group>"; };
		654D23FE21C0352300655AAA /* ceni_intro_vid.mp4 */ = {isa = PBXFileReference; lastKnownFileType = file; path = ceni_intro_vid.mp4; sourceTree = "<group>"; };
		65B5EC3320E7FC44001FE196 /* CENI_COLORS.swift */ = {isa = PBXFileReference; lastKnownFileType = sourcecode.swift; path = CENI_COLORS.swift; sourceTree = "<group>"; };
		65C907E920E4392F00A896CE /* faq.txt */ = {isa = PBXFileReference; fileEncoding = 4; lastKnownFileType = text; path = faq.txt; sourceTree = "<group>"; };
		65C907EB20E43A7B00A896CE /* TableViewControllerFAQ.swift */ = {isa = PBXFileReference; lastKnownFileType = sourcecode.swift; path = TableViewControllerFAQ.swift; sourceTree = "<group>"; };
		65C907EF20E43F8300A896CE /* ViewControllerFAQView.swift */ = {isa = PBXFileReference; lastKnownFileType = sourcecode.swift; path = ViewControllerFAQView.swift; sourceTree = "<group>"; };
		65C907F120E4416500A896CE /* FAQ.swift */ = {isa = PBXFileReference; lastKnownFileType = sourcecode.swift; path = FAQ.swift; sourceTree = "<group>"; };
		65D732DB20E417CC009F7F6C /* ViewControllerMainVideo.swift */ = {isa = PBXFileReference; lastKnownFileType = sourcecode.swift; path = ViewControllerMainVideo.swift; sourceTree = "<group>"; };
		65E9C52B21BD0EAC0067C294 /* ViewElectionPane.swift */ = {isa = PBXFileReference; lastKnownFileType = sourcecode.swift; path = ViewElectionPane.swift; sourceTree = "<group>"; };
/* End PBXFileReference section */

/* Begin PBXFrameworksBuildPhase section */
		650B08F120E2C0BD001952FF /* Frameworks */ = {
			isa = PBXFrameworksBuildPhase;
			buildActionMask = 2147483647;
			files = (
			);
			runOnlyForDeploymentPostprocessing = 0;
		};
		650B090520E2C0C0001952FF /* Frameworks */ = {
			isa = PBXFrameworksBuildPhase;
			buildActionMask = 2147483647;
			files = (
			);
			runOnlyForDeploymentPostprocessing = 0;
		};
		650B091020E2C0C0001952FF /* Frameworks */ = {
			isa = PBXFrameworksBuildPhase;
			buildActionMask = 2147483647;
			files = (
			);
			runOnlyForDeploymentPostprocessing = 0;
		};
/* End PBXFrameworksBuildPhase section */

/* Begin PBXGroup section */
		650B08EB20E2C0BD001952FF = {
			isa = PBXGroup;
			children = (
				650B08F620E2C0BD001952FF /* Ceni */,
				650B090B20E2C0C0001952FF /* CeniTests */,
				650B091620E2C0C0001952FF /* CeniUITests */,
				650B08F520E2C0BD001952FF /* Products */,
			);
			sourceTree = "<group>";
		};
		650B08F520E2C0BD001952FF /* Products */ = {
			isa = PBXGroup;
			children = (
				650B08F420E2C0BD001952FF /* Ceni.app */,
				650B090820E2C0C0001952FF /* CeniTests.xctest */,
				650B091320E2C0C0001952FF /* CeniUITests.xctest */,
			);
			name = Products;
			sourceTree = "<group>";
		};
		650B08F620E2C0BD001952FF /* Ceni */ = {
			isa = PBXGroup;
			children = (
				650B08F720E2C0BD001952FF /* AppDelegate.swift */,
				65D732DB20E417CC009F7F6C /* ViewControllerMainVideo.swift */,
				650B08FB20E2C0BD001952FF /* Main.storyboard */,
				6514152F21BD0170008C9B50 /* ViewSimulationWarning.swift */,
				65C907EF20E43F8300A896CE /* ViewControllerFAQView.swift */,
				654D23FA21C025BB00655AAA /* ViewVoteCont.swift */,
				6514152B21BCFC58008C9B50 /* ViewControllerSimulation.swift */,
				654D23FC21C0299C00655AAA /* CollectionViewCell.swift */,
				65E9C52B21BD0EAC0067C294 /* ViewElectionPane.swift */,
				6514152D21BCFE1F008C9B50 /* ViewSimulationMessage.swift */,
				652C47F820E63C2500CDDA6A /* ViewControllerVoteSimulation.swift */,
				650B093320E2EBE1001952FF /* ViewControllerCandidats.swift */,
				652C47F620E6353F00CDDA6A /* TableViewControllerCandsList.swift */,
				652C47EE20E62FDD00CDDA6A /* TableViewControllerResults.swift */,
				652C47FA20E63E3300CDDA6A /* Utils */,
				652C47F220E6309500CDDA6A /* Objects */,
				65C907EB20E43A7B00A896CE /* TableViewControllerFAQ.swift */,
				652C47F320E630B100CDDA6A /* Data */,
				650B093120E2E664001952FF /* ViewControllerBureau.swift */,
				650B092D20E2CE33001952FF /* UITableViewControllerMainMenu.swift */,
				650B08FE20E2C0C0001952FF /* Assets.xcassets */,
				650B090020E2C0C0001952FF /* LaunchScreen.storyboard */,
				650B090320E2C0C0001952FF /* Info.plist */,
			);
			path = Ceni;
			sourceTree = "<group>";
		};
		650B090B20E2C0C0001952FF /* CeniTests */ = {
			isa = PBXGroup;
			children = (
				650B090C20E2C0C0001952FF /* CeniTests.swift */,
				650B090E20E2C0C0001952FF /* Info.plist */,
			);
			path = CeniTests;
			sourceTree = "<group>";
		};
		650B091620E2C0C0001952FF /* CeniUITests */ = {
			isa = PBXGroup;
			children = (
				650B091720E2C0C0001952FF /* CeniUITests.swift */,
				650B091920E2C0C0001952FF /* Info.plist */,
			);
			path = CeniUITests;
			sourceTree = "<group>";
		};
		652C47F220E6309500CDDA6A /* Objects */ = {
			isa = PBXGroup;
			children = (
				65C907F120E4416500A896CE /* FAQ.swift */,
				650B092B20E2C9FC001952FF /* MenuItem.swift */,
				65B5EC3320E7FC44001FE196 /* CENI_COLORS.swift */,
				652C47F020E6303000CDDA6A /* VOTE_TYPE.swift */,
				652C47F420E6340500CDDA6A /* Strings.swift */,
			);
			path = Objects;
			sourceTree = "<group>";
		};
		652C47F320E630B100CDDA6A /* Data */ = {
			isa = PBXGroup;
			children = (
				65C907E920E4392F00A896CE /* faq.txt */,
				654D23FE21C0352300655AAA /* ceni_intro_vid.mp4 */,
				650B092620E2C4C1001952FF /* card_intro.mp4 */,
			);
			path = Data;
			sourceTree = "<group>";
		};
		652C47FA20E63E3300CDDA6A /* Utils */ = {
			isa = PBXGroup;
			children = (
				652C47FB20E63E4200CDDA6A /* AppUtility.swift */,
			);
			path = Utils;
			sourceTree = "<group>";
		};
/* End PBXGroup section */

/* Begin PBXNativeTarget section */
		650B08F320E2C0BD001952FF /* Ceni */ = {
			isa = PBXNativeTarget;
			buildConfigurationList = 650B091C20E2C0C0001952FF /* Build configuration list for PBXNativeTarget "Ceni" */;
			buildPhases = (
				650B08F020E2C0BD001952FF /* Sources */,
				650B08F120E2C0BD001952FF /* Frameworks */,
				650B08F220E2C0BD001952FF /* Resources */,
			);
			buildRules = (
			);
			dependencies = (
			);
			name = Ceni;
			productName = Ceni;
			productReference = 650B08F420E2C0BD001952FF /* Ceni.app */;
			productType = "com.apple.product-type.application";
		};
		650B090720E2C0C0001952FF /* CeniTests */ = {
			isa = PBXNativeTarget;
			buildConfigurationList = 650B091F20E2C0C0001952FF /* Build configuration list for PBXNativeTarget "CeniTests" */;
			buildPhases = (
				650B090420E2C0C0001952FF /* Sources */,
				650B090520E2C0C0001952FF /* Frameworks */,
				650B090620E2C0C0001952FF /* Resources */,
			);
			buildRules = (
			);
			dependencies = (
				650B090A20E2C0C0001952FF /* PBXTargetDependency */,
			);
			name = CeniTests;
			productName = CeniTests;
			productReference = 650B090820E2C0C0001952FF /* CeniTests.xctest */;
			productType = "com.apple.product-type.bundle.unit-test";
		};
		650B091220E2C0C0001952FF /* CeniUITests */ = {
			isa = PBXNativeTarget;
			buildConfigurationList = 650B092220E2C0C0001952FF /* Build configuration list for PBXNativeTarget "CeniUITests" */;
			buildPhases = (
				650B090F20E2C0C0001952FF /* Sources */,
				650B091020E2C0C0001952FF /* Frameworks */,
				650B091120E2C0C0001952FF /* Resources */,
			);
			buildRules = (
			);
			dependencies = (
				650B091520E2C0C0001952FF /* PBXTargetDependency */,
			);
			name = CeniUITests;
			productName = CeniUITests;
			productReference = 650B091320E2C0C0001952FF /* CeniUITests.xctest */;
			productType = "com.apple.product-type.bundle.ui-testing";
		};
/* End PBXNativeTarget section */

/* Begin PBXProject section */
		650B08EC20E2C0BD001952FF /* Project object */ = {
			isa = PBXProject;
			attributes = {
				LastSwiftUpdateCheck = 0940;
				LastUpgradeCheck = 0940;
				ORGANIZATIONNAME = "KOZI Engineering";
				TargetAttributes = {
					650B08F320E2C0BD001952FF = {
						CreatedOnToolsVersion = 9.4.1;
					};
					650B090720E2C0C0001952FF = {
						CreatedOnToolsVersion = 9.4.1;
						TestTargetID = 650B08F320E2C0BD001952FF;
					};
					650B091220E2C0C0001952FF = {
						CreatedOnToolsVersion = 9.4.1;
						TestTargetID = 650B08F320E2C0BD001952FF;
					};
				};
			};
			buildConfigurationList = 650B08EF20E2C0BD001952FF /* Build configuration list for PBXProject "Ceni" */;
			compatibilityVersion = "Xcode 9.3";
			developmentRegion = en;
			hasScannedForEncodings = 0;
			knownRegions = (
				en,
				Base,
			);
			mainGroup = 650B08EB20E2C0BD001952FF;
			productRefGroup = 650B08F520E2C0BD001952FF /* Products */;
			projectDirPath = "";
			projectRoot = "";
			targets = (
				650B08F320E2C0BD001952FF /* Ceni */,
				650B090720E2C0C0001952FF /* CeniTests */,
				650B091220E2C0C0001952FF /* CeniUITests */,
			);
		};
/* End PBXProject section */

/* Begin PBXResourcesBuildPhase section */
		650B08F220E2C0BD001952FF /* Resources */ = {
			isa = PBXResourcesBuildPhase;
			buildActionMask = 2147483647;
			files = (
				650B092820E2C4C2001952FF /* card_intro.mp4 in Resources */,
				650B090220E2C0C0001952FF /* LaunchScreen.storyboard in Resources */,
				65C907EA20E4392F00A896CE /* faq.txt in Resources */,
				650B08FF20E2C0C0001952FF /* Assets.xcassets in Resources */,
				650B08FD20E2C0BD001952FF /* Main.storyboard in Resources */,
				654D23FF21C0352300655AAA /* ceni_intro_vid.mp4 in Resources */,
			);
			runOnlyForDeploymentPostprocessing = 0;
		};
		650B090620E2C0C0001952FF /* Resources */ = {
			isa = PBXResourcesBuildPhase;
			buildActionMask = 2147483647;
			files = (
			);
			runOnlyForDeploymentPostprocessing = 0;
		};
		650B091120E2C0C0001952FF /* Resources */ = {
			isa = PBXResourcesBuildPhase;
			buildActionMask = 2147483647;
			files = (
			);
			runOnlyForDeploymentPostprocessing = 0;
		};
/* End PBXResourcesBuildPhase section */

/* Begin PBXSourcesBuildPhase section */
		650B08F020E2C0BD001952FF /* Sources */ = {
			isa = PBXSourcesBuildPhase;
			buildActionMask = 2147483647;
			files = (
				650B093220E2E664001952FF /* ViewControllerBureau.swift in Sources */,
				650B092C20E2C9FC001952FF /* MenuItem.swift in Sources */,
				652C47F720E6353F00CDDA6A /* TableViewControllerCandsList.swift in Sources */,
				652C47EF20E62FDD00CDDA6A /* TableViewControllerResults.swift in Sources */,
				650B093420E2EBE1001952FF /* ViewControllerCandidats.swift in Sources */,
				650B08F820E2C0BD001952FF /* AppDelegate.swift in Sources */,
				65C907EC20E43A7B00A896CE /* TableViewControllerFAQ.swift in Sources */,
				65D732DC20E417CC009F7F6C /* ViewControllerMainVideo.swift in Sources */,
				650B092E20E2CE33001952FF /* UITableViewControllerMainMenu.swift in Sources */,
				654D23FB21C025BB00655AAA /* ViewVoteCont.swift in Sources */,
				654D23FD21C0299C00655AAA /* CollectionViewCell.swift in Sources */,
				6514152E21BCFE1F008C9B50 /* ViewSimulationMessage.swift in Sources */,
				65E9C52C21BD0EAC0067C294 /* ViewElectionPane.swift in Sources */,
				652C47F920E63C2500CDDA6A /* ViewControllerVoteSimulation.swift in Sources */,
				6514152C21BCFC58008C9B50 /* ViewControllerSimulation.swift in Sources */,
				652C47FC20E63E4200CDDA6A /* AppUtility.swift in Sources */,
				65C907F020E43F8300A896CE /* ViewControllerFAQView.swift in Sources */,
				65B5EC3420E7FC44001FE196 /* CENI_COLORS.swift in Sources */,
				6514153021BD0170008C9B50 /* ViewSimulationWarning.swift in Sources */,
				65C907F220E4416500A896CE /* FAQ.swift in Sources */,
				652C47F520E6340500CDDA6A /* Strings.swift in Sources */,
				652C47F120E6303000CDDA6A /* VOTE_TYPE.swift in Sources */,
			);
			runOnlyForDeploymentPostprocessing = 0;
		};
		650B090420E2C0C0001952FF /* Sources */ = {
			isa = PBXSourcesBuildPhase;
			buildActionMask = 2147483647;
			files = (
				650B090D20E2C0C0001952FF /* CeniTests.swift in Sources */,
			);
			runOnlyForDeploymentPostprocessing = 0;
		};
		650B090F20E2C0C0001952FF /* Sources */ = {
			isa = PBXSourcesBuildPhase;
			buildActionMask = 2147483647;
			files = (
				650B091820E2C0C0001952FF /* CeniUITests.swift in Sources */,
			);
			runOnlyForDeploymentPostprocessing = 0;
		};
/* End PBXSourcesBuildPhase section */

/* Begin PBXTargetDependency section */
		650B090A20E2C0C0001952FF /* PBXTargetDependency */ = {
			isa = PBXTargetDependency;
			target = 650B08F320E2C0BD001952FF /* Ceni */;
			targetProxy = 650B090920E2C0C0001952FF /* PBXContainerItemProxy */;
		};
		650B091520E2C0C0001952FF /* PBXTargetDependency */ = {
			isa = PBXTargetDependency;
			target = 650B08F320E2C0BD001952FF /* Ceni */;
			targetProxy = 650B091420E2C0C0001952FF /* PBXContainerItemProxy */;
		};
/* End PBXTargetDependency section */

/* Begin PBXVariantGroup section */
		650B08FB20E2C0BD001952FF /* Main.storyboard */ = {
			isa = PBXVariantGroup;
			children = (
				650B08FC20E2C0BD001952FF /* Base */,
			);
			name = Main.storyboard;
			sourceTree = "<group>";
		};
		650B090020E2C0C0001952FF /* LaunchScreen.storyboard */ = {
			isa = PBXVariantGroup;
			children = (
				650B090120E2C0C0001952FF /* Base */,
			);
			name = LaunchScreen.storyboard;
			sourceTree = "<group>";
		};
/* End PBXVariantGroup section */

/* Begin XCBuildConfiguration section */
		650B091A20E2C0C0001952FF /* Debug */ = {
			isa = XCBuildConfiguration;
			buildSettings = {
				ALWAYS_SEARCH_USER_PATHS = NO;
				CLANG_ANALYZER_NONNULL = YES;
				CLANG_ANALYZER_NUMBER_OBJECT_CONVERSION = YES_AGGRESSIVE;
				CLANG_CXX_LANGUAGE_STANDARD = "gnu++14";
				CLANG_CXX_LIBRARY = "libc++";
				CLANG_ENABLE_MODULES = YES;
				CLANG_ENABLE_OBJC_ARC = YES;
				CLANG_ENABLE_OBJC_WEAK = YES;
				CLANG_WARN_BLOCK_CAPTURE_AUTORELEASING = YES;
				CLANG_WARN_BOOL_CONVERSION = YES;
				CLANG_WARN_COMMA = YES;
				CLANG_WARN_CONSTANT_CONVERSION = YES;
				CLANG_WARN_DEPRECATED_OBJC_IMPLEMENTATIONS = YES;
				CLANG_WARN_DIRECT_OBJC_ISA_USAGE = YES_ERROR;
				CLANG_WARN_DOCUMENTATION_COMMENTS = YES;
				CLANG_WARN_EMPTY_BODY = YES;
				CLANG_WARN_ENUM_CONVERSION = YES;
				CLANG_WARN_INFINITE_RECURSION = YES;
				CLANG_WARN_INT_CONVERSION = YES;
				CLANG_WARN_NON_LITERAL_NULL_CONVERSION = YES;
				CLANG_WARN_OBJC_IMPLICIT_RETAIN_SELF = YES;
				CLANG_WARN_OBJC_LITERAL_CONVERSION = YES;
				CLANG_WARN_OBJC_ROOT_CLASS = YES_ERROR;
				CLANG_WARN_RANGE_LOOP_ANALYSIS = YES;
				CLANG_WARN_STRICT_PROTOTYPES = YES;
				CLANG_WARN_SUSPICIOUS_MOVE = YES;
				CLANG_WARN_UNGUARDED_AVAILABILITY = YES_AGGRESSIVE;
				CLANG_WARN_UNREACHABLE_CODE = YES;
				CLANG_WARN__DUPLICATE_METHOD_MATCH = YES;
				CODE_SIGN_IDENTITY = "iPhone Developer";
				COPY_PHASE_STRIP = NO;
				DEBUG_INFORMATION_FORMAT = dwarf;
				ENABLE_STRICT_OBJC_MSGSEND = YES;
				ENABLE_TESTABILITY = YES;
				GCC_C_LANGUAGE_STANDARD = gnu11;
				GCC_DYNAMIC_NO_PIC = NO;
				GCC_NO_COMMON_BLOCKS = YES;
				GCC_OPTIMIZATION_LEVEL = 0;
				GCC_PREPROCESSOR_DEFINITIONS = (
					"DEBUG=1",
					"$(inherited)",
				);
				GCC_WARN_64_TO_32_BIT_CONVERSION = YES;
				GCC_WARN_ABOUT_RETURN_TYPE = YES_ERROR;
				GCC_WARN_UNDECLARED_SELECTOR = YES;
				GCC_WARN_UNINITIALIZED_AUTOS = YES_AGGRESSIVE;
				GCC_WARN_UNUSED_FUNCTION = YES;
				GCC_WARN_UNUSED_VARIABLE = YES;
				IPHONEOS_DEPLOYMENT_TARGET = 11.4;
				MTL_ENABLE_DEBUG_INFO = YES;
				ONLY_ACTIVE_ARCH = YES;
				SDKROOT = iphoneos;
				SWIFT_ACTIVE_COMPILATION_CONDITIONS = DEBUG;
				SWIFT_OPTIMIZATION_LEVEL = "-Onone";
			};
			name = Debug;
		};
		650B091B20E2C0C0001952FF /* Release */ = {
			isa = XCBuildConfiguration;
			buildSettings = {
				ALWAYS_SEARCH_USER_PATHS = NO;
				CLANG_ANALYZER_NONNULL = YES;
				CLANG_ANALYZER_NUMBER_OBJECT_CONVERSION = YES_AGGRESSIVE;
				CLANG_CXX_LANGUAGE_STANDARD = "gnu++14";
				CLANG_CXX_LIBRARY = "libc++";
				CLANG_ENABLE_MODULES = YES;
				CLANG_ENABLE_OBJC_ARC = YES;
				CLANG_ENABLE_OBJC_WEAK = YES;
				CLANG_WARN_BLOCK_CAPTURE_AUTORELEASING = YES;
				CLANG_WARN_BOOL_CONVERSION = YES;
				CLANG_WARN_COMMA = YES;
				CLANG_WARN_CONSTANT_CONVERSION = YES;
				CLANG_WARN_DEPRECATED_OBJC_IMPLEMENTATIONS = YES;
				CLANG_WARN_DIRECT_OBJC_ISA_USAGE = YES_ERROR;
				CLANG_WARN_DOCUMENTATION_COMMENTS = YES;
				CLANG_WARN_EMPTY_BODY = YES;
				CLANG_WARN_ENUM_CONVERSION = YES;
				CLANG_WARN_INFINITE_RECURSION = YES;
				CLANG_WARN_INT_CONVERSION = YES;
				CLANG_WARN_NON_LITERAL_NULL_CONVERSION = YES;
				CLANG_WARN_OBJC_IMPLICIT_RETAIN_SELF = YES;
				CLANG_WARN_OBJC_LITERAL_CONVERSION = YES;
				CLANG_WARN_OBJC_ROOT_CLASS = YES_ERROR;
				CLANG_WARN_RANGE_LOOP_ANALYSIS = YES;
				CLANG_WARN_STRICT_PROTOTYPES = YES;
				CLANG_WARN_SUSPICIOUS_MOVE = YES;
				CLANG_WARN_UNGUARDED_AVAILABILITY = YES_AGGRESSIVE;
				CLANG_WARN_UNREACHABLE_CODE = YES;
				CLANG_WARN__DUPLICATE_METHOD_MATCH = YES;
				CODE_SIGN_IDENTITY = "iPhone Developer";
				COPY_PHASE_STRIP = NO;
				DEBUG_INFORMATION_FORMAT = "dwarf-with-dsym";
				ENABLE_NS_ASSERTIONS = NO;
				ENABLE_STRICT_OBJC_MSGSEND = YES;
				GCC_C_LANGUAGE_STANDARD = gnu11;
				GCC_NO_COMMON_BLOCKS = YES;
				GCC_WARN_64_TO_32_BIT_CONVERSION = YES;
				GCC_WARN_ABOUT_RETURN_TYPE = YES_ERROR;
				GCC_WARN_UNDECLARED_SELECTOR = YES;
				GCC_WARN_UNINITIALIZED_AUTOS = YES_AGGRESSIVE;
				GCC_WARN_UNUSED_FUNCTION = YES;
				GCC_WARN_UNUSED_VARIABLE = YES;
				IPHONEOS_DEPLOYMENT_TARGET = 11.4;
				MTL_ENABLE_DEBUG_INFO = NO;
				SDKROOT = iphoneos;
				SWIFT_COMPILATION_MODE = wholemodule;
				SWIFT_OPTIMIZATION_LEVEL = "-O";
				VALIDATE_PRODUCT = YES;
			};
			name = Release;
		};
		650B091D20E2C0C0001952FF /* Debug */ = {
			isa = XCBuildConfiguration;
			buildSettings = {
				ASSETCATALOG_COMPILER_APPICON_NAME = AppIcon;
				CODE_SIGN_STYLE = Automatic;
				DEVELOPMENT_TEAM = 57396JS5DB;
				INFOPLIST_FILE = Ceni/Info.plist;
				IPHONEOS_DEPLOYMENT_TARGET = 11.3;
				LD_RUNPATH_SEARCH_PATHS = (
					"$(inherited)",
					"@executable_path/Frameworks",
				);
				PRODUCT_BUNDLE_IDENTIFIER = com.koziengineering.Ceni;
				PRODUCT_NAME = "$(TARGET_NAME)";
				SWIFT_VERSION = 4.0;
				TARGETED_DEVICE_FAMILY = "1,2";
			};
			name = Debug;
		};
		650B091E20E2C0C0001952FF /* Release */ = {
			isa = XCBuildConfiguration;
			buildSettings = {
				ASSETCATALOG_COMPILER_APPICON_NAME = AppIcon;
				CODE_SIGN_STYLE = Automatic;
				DEVELOPMENT_TEAM = 57396JS5DB;
				INFOPLIST_FILE = Ceni/Info.plist;
				IPHONEOS_DEPLOYMENT_TARGET = 11.3;
				LD_RUNPATH_SEARCH_PATHS = (
					"$(inherited)",
					"@executable_path/Frameworks",
				);
				PRODUCT_BUNDLE_IDENTIFIER = com.koziengineering.Ceni;
				PRODUCT_NAME = "$(TARGET_NAME)";
				SWIFT_VERSION = 4.0;
				TARGETED_DEVICE_FAMILY = "1,2";
			};
			name = Release;
		};
		650B092020E2C0C0001952FF /* Debug */ = {
			isa = XCBuildConfiguration;
			buildSettings = {
				ALWAYS_EMBED_SWIFT_STANDARD_LIBRARIES = YES;
				BUNDLE_LOADER = "$(TEST_HOST)";
				CODE_SIGN_STYLE = Automatic;
				DEVELOPMENT_TEAM = 57396JS5DB;
				INFOPLIST_FILE = CeniTests/Info.plist;
				LD_RUNPATH_SEARCH_PATHS = (
					"$(inherited)",
					"@executable_path/Frameworks",
					"@loader_path/Frameworks",
				);
				PRODUCT_BUNDLE_IDENTIFIER = com.koziengineering.CeniTests;
				PRODUCT_NAME = "$(TARGET_NAME)";
				SWIFT_VERSION = 4.0;
				TARGETED_DEVICE_FAMILY = "1,2";
				TEST_HOST = "$(BUILT_PRODUCTS_DIR)/Ceni.app/Ceni";
			};
			name = Debug;
		};
		650B092120E2C0C0001952FF /* Release */ = {
			isa = XCBuildConfiguration;
			buildSettings = {
				ALWAYS_EMBED_SWIFT_STANDARD_LIBRARIES = YES;
				BUNDLE_LOADER = "$(TEST_HOST)";
				CODE_SIGN_STYLE = Automatic;
				DEVELOPMENT_TEAM = 57396JS5DB;
				INFOPLIST_FILE = CeniTests/Info.plist;
				LD_RUNPATH_SEARCH_PATHS = (
					"$(inherited)",
					"@executable_path/Frameworks",
					"@loader_path/Frameworks",
				);
				PRODUCT_BUNDLE_IDENTIFIER = com.koziengineering.CeniTests;
				PRODUCT_NAME = "$(TARGET_NAME)";
				SWIFT_VERSION = 4.0;
				TARGETED_DEVICE_FAMILY = "1,2";
				TEST_HOST = "$(BUILT_PRODUCTS_DIR)/Ceni.app/Ceni";
			};
			name = Release;
		};
		650B092320E2C0C0001952FF /* Debug */ = {
			isa = XCBuildConfiguration;
			buildSettings = {
				ALWAYS_EMBED_SWIFT_STANDARD_LIBRARIES = YES;
				CODE_SIGN_STYLE = Automatic;
				DEVELOPMENT_TEAM = 57396JS5DB;
				INFOPLIST_FILE = CeniUITests/Info.plist;
				LD_RUNPATH_SEARCH_PATHS = (
					"$(inherited)",
					"@executable_path/Frameworks",
					"@loader_path/Frameworks",
				);
				PRODUCT_BUNDLE_IDENTIFIER = com.koziengineering.CeniUITests;
				PRODUCT_NAME = "$(TARGET_NAME)";
				SWIFT_VERSION = 4.0;
				TARGETED_DEVICE_FAMILY = "1,2";
				TEST_TARGET_NAME = Ceni;
			};
			name = Debug;
		};
		650B092420E2C0C0001952FF /* Release */ = {
			isa = XCBuildConfiguration;
			buildSettings = {
				ALWAYS_EMBED_SWIFT_STANDARD_LIBRARIES = YES;
				CODE_SIGN_STYLE = Automatic;
				DEVELOPMENT_TEAM = 57396JS5DB;
				INFOPLIST_FILE = CeniUITests/Info.plist;
				LD_RUNPATH_SEARCH_PATHS = (
					"$(inherited)",
					"@executable_path/Frameworks",
					"@loader_path/Frameworks",
				);
				PRODUCT_BUNDLE_IDENTIFIER = com.koziengineering.CeniUITests;
				PRODUCT_NAME = "$(TARGET_NAME)";
				SWIFT_VERSION = 4.0;
				TARGETED_DEVICE_FAMILY = "1,2";
				TEST_TARGET_NAME = Ceni;
			};
			name = Release;
		};
/* End XCBuildConfiguration section */

/* Begin XCConfigurationList section */
		650B08EF20E2C0BD001952FF /* Build configuration list for PBXProject "Ceni" */ = {
			isa = XCConfigurationList;
			buildConfigurations = (
				650B091A20E2C0C0001952FF /* Debug */,
				650B091B20E2C0C0001952FF /* Release */,
			);
			defaultConfigurationIsVisible = 0;
			defaultConfigurationName = Release;
		};
		650B091C20E2C0C0001952FF /* Build configuration list for PBXNativeTarget "Ceni" */ = {
			isa = XCConfigurationList;
			buildConfigurations = (
				650B091D20E2C0C0001952FF /* Debug */,
				650B091E20E2C0C0001952FF /* Release */,
			);
			defaultConfigurationIsVisible = 0;
			defaultConfigurationName = Release;
		};
		650B091F20E2C0C0001952FF /* Build configuration list for PBXNativeTarget "CeniTests" */ = {
			isa = XCConfigurationList;
			buildConfigurations = (
				650B092020E2C0C0001952FF /* Debug */,
				650B092120E2C0C0001952FF /* Release */,
			);
			defaultConfigurationIsVisible = 0;
			defaultConfigurationName = Release;
		};
		650B092220E2C0C0001952FF /* Build configuration list for PBXNativeTarget "CeniUITests" */ = {
			isa = XCConfigurationList;
			buildConfigurations = (
				650B092320E2C0C0001952FF /* Debug */,
				650B092420E2C0C0001952FF /* Release */,
			);
			defaultConfigurationIsVisible = 0;
			defaultConfigurationName = Release;
		};
/* End XCConfigurationList section */
	};
	rootObject = 650B08EC20E2C0BD001952FF /* Project object */;
}
